
Microsoft Visual Studio Solution File, Format Version 12.00
# Visual Studio 15
VisualStudioVersion = 15.0.26124.0
MinimumVisualStudioVersion = 15.0.26124.0
Project("{9A19103F-16F7-4668-BE54-9A1E7A4F7556}") = "R5T.Norwich.Standard.Construction", "R5T.Norwich.Standard.Construction\R5T.Norwich.Standard.Construction.csproj", "{C6594909-6A03-4982-A5E5-71CDB8A41E6E}"
EndProject
Project("{9A19103F-16F7-4668-BE54-9A1E7A4F7556}") = "R5T.Norwich.Standard", "R5T.Norwich.Standard\R5T.Norwich.Standard.csproj", "{AB37DDF0-48EA-4116-AE83-6386A0B990DC}"
EndProject
Project("{9A19103F-16F7-4668-BE54-9A1E7A4F7556}") = "R5T.Norwich.Standard.Testing", "R5T.Norwich.Standard.Testing\R5T.Norwich.Standard.Testing.csproj", "{65C4DE86-B876-4B48-9AD6-5618CEB1C3E6}"
EndProject
Project("{2150E333-8FDC-42A3-9474-1A3956D46DE8}") = "_Dependencies", "_Dependencies", "{F902A587-D48D-47DE-8C1D-82CC7AA92465}"
EndProject
Project("{9A19103F-16F7-4668-BE54-9A1E7A4F7556}") = "R5T.Norwich.Newport", "..\..\R5T.Norwich.Newport\source\R5T.Norwich.Newport\R5T.Norwich.Newport.csproj", "{45FE08CA-BB25-4751-8272-EFFEEDF1EE6A}"
EndProject
Project("{9A19103F-16F7-4668-BE54-9A1E7A4F7556}") = "R5T.Newport.Extensions", "..\..\R5T.Newport.Extensions\source\R5T.Newport.Extensions\R5T.Newport.Extensions.csproj", "{416943D7-7283-47C5-843B-BA0684B24705}"
EndProject
Project("{9A19103F-16F7-4668-BE54-9A1E7A4F7556}") = "R5T.Magyar", "..\..\R5T.Magyar\source\R5T.Magyar\R5T.Magyar.csproj", "{146D2158-B0EF-4EE7-BA78-833E4292890F}"
EndProject
Project("{9A19103F-16F7-4668-BE54-9A1E7A4F7556}") = "R5T.Newport", "..\..\R5T.Newport\source\R5T.Newport\R5T.Newport.csproj", "{5C48D94C-0A07-434C-82AA-3433975CE759}"
EndProject
Project("{9A19103F-16F7-4668-BE54-9A1E7A4F7556}") = "R5T.Norwich.Base", "..\..\R5T.Norwich.Base\source\R5T.Norwich.Base\R5T.Norwich.Base.csproj", "{6C998664-08F0-46A6-BF8D-819A2E655B99}"
EndProject
Global
	GlobalSection(SolutionConfigurationPlatforms) = preSolution
		Debug|Any CPU = Debug|Any CPU
		Debug|x64 = Debug|x64
		Debug|x86 = Debug|x86
		Release|Any CPU = Release|Any CPU
		Release|x64 = Release|x64
		Release|x86 = Release|x86
	EndGlobalSection
	GlobalSection(ProjectConfigurationPlatforms) = postSolution
		{C6594909-6A03-4982-A5E5-71CDB8A41E6E}.Debug|Any CPU.ActiveCfg = Debug|Any CPU
		{C6594909-6A03-4982-A5E5-71CDB8A41E6E}.Debug|Any CPU.Build.0 = Debug|Any CPU
		{C6594909-6A03-4982-A5E5-71CDB8A41E6E}.Debug|x64.ActiveCfg = Debug|Any CPU
		{C6594909-6A03-4982-A5E5-71CDB8A41E6E}.Debug|x64.Build.0 = Debug|Any CPU
		{C6594909-6A03-4982-A5E5-71CDB8A41E6E}.Debug|x86.ActiveCfg = Debug|Any CPU
		{C6594909-6A03-4982-A5E5-71CDB8A41E6E}.Debug|x86.Build.0 = Debug|Any CPU
		{C6594909-6A03-4982-A5E5-71CDB8A41E6E}.Release|Any CPU.ActiveCfg = Release|Any CPU
		{C6594909-6A03-4982-A5E5-71CDB8A41E6E}.Release|Any CPU.Build.0 = Release|Any CPU
		{C6594909-6A03-4982-A5E5-71CDB8A41E6E}.Release|x64.ActiveCfg = Release|Any CPU
		{C6594909-6A03-4982-A5E5-71CDB8A41E6E}.Release|x64.Build.0 = Release|Any CPU
		{C6594909-6A03-4982-A5E5-71CDB8A41E6E}.Release|x86.ActiveCfg = Release|Any CPU
		{C6594909-6A03-4982-A5E5-71CDB8A41E6E}.Release|x86.Build.0 = Release|Any CPU
		{AB37DDF0-48EA-4116-AE83-6386A0B990DC}.Debug|Any CPU.ActiveCfg = Debug|Any CPU
		{AB37DDF0-48EA-4116-AE83-6386A0B990DC}.Debug|Any CPU.Build.0 = Debug|Any CPU
		{AB37DDF0-48EA-4116-AE83-6386A0B990DC}.Debug|x64.ActiveCfg = Debug|Any CPU
		{AB37DDF0-48EA-4116-AE83-6386A0B990DC}.Debug|x64.Build.0 = Debug|Any CPU
		{AB37DDF0-48EA-4116-AE83-6386A0B990DC}.Debug|x86.ActiveCfg = Debug|Any CPU
		{AB37DDF0-48EA-4116-AE83-6386A0B990DC}.Debug|x86.Build.0 = Debug|Any CPU
		{AB37DDF0-48EA-4116-AE83-6386A0B990DC}.Release|Any CPU.ActiveCfg = Release|Any CPU
		{AB37DDF0-48EA-4116-AE83-6386A0B990DC}.Release|Any CPU.Build.0 = Release|Any CPU
		{AB37DDF0-48EA-4116-AE83-6386A0B990DC}.Release|x64.ActiveCfg = Release|Any CPU
		{AB37DDF0-48EA-4116-AE83-6386A0B990DC}.Release|x64.Build.0 = Release|Any CPU
		{AB37DDF0-48EA-4116-AE83-6386A0B990DC}.Release|x86.ActiveCfg = Release|Any CPU
		{AB37DDF0-48EA-4116-AE83-6386A0B990DC}.Release|x86.Build.0 = Release|Any CPU
		{65C4DE86-B876-4B48-9AD6-5618CEB1C3E6}.Debug|Any CPU.ActiveCfg = Debug|Any CPU
		{65C4DE86-B876-4B48-9AD6-5618CEB1C3E6}.Debug|Any CPU.Build.0 = Debug|Any CPU
		{65C4DE86-B876-4B48-9AD6-5618CEB1C3E6}.Debug|x64.ActiveCfg = Debug|Any CPU
		{65C4DE86-B876-4B48-9AD6-5618CEB1C3E6}.Debug|x64.Build.0 = Debug|Any CPU
		{65C4DE86-B876-4B48-9AD6-5618CEB1C3E6}.Debug|x86.ActiveCfg = Debug|Any CPU
		{65C4DE86-B876-4B48-9AD6-5618CEB1C3E6}.Debug|x86.Build.0 = Debug|Any CPU
		{65C4DE86-B876-4B48-9AD6-5618CEB1C3E6}.Release|Any CPU.ActiveCfg = Release|Any CPU
		{65C4DE86-B876-4B48-9AD6-5618CEB1C3E6}.Release|Any CPU.Build.0 = Release|Any CPU
		{65C4DE86-B876-4B48-9AD6-5618CEB1C3E6}.Release|x64.ActiveCfg = Release|Any CPU
		{65C4DE86-B876-4B48-9AD6-5618CEB1C3E6}.Release|x64.Build.0 = Release|Any CPU
		{65C4DE86-B876-4B48-9AD6-5618CEB1C3E6}.Release|x86.ActiveCfg = Release|Any CPU
		{65C4DE86-B876-4B48-9AD6-5618CEB1C3E6}.Release|x86.Build.0 = Release|Any CPU
		{45FE08CA-BB25-4751-8272-EFFEEDF1EE6A}.Debug|Any CPU.ActiveCfg = Debug|Any CPU
		{45FE08CA-BB25-4751-8272-EFFEEDF1EE6A}.Debug|Any CPU.Build.0 = Debug|Any CPU
		{45FE08CA-BB25-4751-8272-EFFEEDF1EE6A}.Debug|x64.ActiveCfg = Debug|Any CPU
		{45FE08CA-BB25-4751-8272-EFFEEDF1EE6A}.Debug|x64.Build.0 = Debug|Any CPU
		{45FE08CA-BB25-4751-8272-EFFEEDF1EE6A}.Debug|x86.ActiveCfg = Debug|Any CPU
		{45FE08CA-BB25-4751-8272-EFFEEDF1EE6A}.Debug|x86.Build.0 = Debug|Any CPU
		{45FE08CA-BB25-4751-8272-EFFEEDF1EE6A}.Release|Any CPU.ActiveCfg = Release|Any CPU
		{45FE08CA-BB25-4751-8272-EFFEEDF1EE6A}.Release|Any CPU.Build.0 = Release|Any CPU
		{45FE08CA-BB25-4751-8272-EFFEEDF1EE6A}.Release|x64.ActiveCfg = Release|Any CPU
		{45FE08CA-BB25-4751-8272-EFFEEDF1EE6A}.Release|x64.Build.0 = Release|Any CPU
		{45FE08CA-BB25-4751-8272-EFFEEDF1EE6A}.Release|x86.ActiveCfg = Release|Any CPU
		{45FE08CA-BB25-4751-8272-EFFEEDF1EE6A}.Release|x86.Build.0 = Release|Any CPU
		{416943D7-7283-47C5-843B-BA0684B24705}.Debug|Any CPU.ActiveCfg = Debug|Any CPU
		{416943D7-7283-47C5-843B-BA0684B24705}.Debug|Any CPU.Build.0 = Debug|Any CPU
		{416943D7-7283-47C5-843B-BA0684B24705}.Debug|x64.ActiveCfg = Debug|Any CPU
		{416943D7-7283-47C5-843B-BA0684B24705}.Debug|x64.Build.0 = Debug|Any CPU
		{416943D7-7283-47C5-843B-BA0684B24705}.Debug|x86.ActiveCfg = Debug|Any CPU
		{416943D7-7283-47C5-843B-BA0684B24705}.Debug|x86.Build.0 = Debug|Any CPU
		{416943D7-7283-47C5-843B-BA0684B24705}.Release|Any CPU.ActiveCfg = Release|Any CPU
		{416943D7-7283-47C5-843B-BA0684B24705}.Release|Any CPU.Build.0 = Release|Any CPU
		{416943D7-7283-47C5-843B-BA0684B24705}.Release|x64.ActiveCfg = Release|Any CPU
		{416943D7-7283-47C5-843B-BA0684B24705}.Release|x64.Build.0 = Release|Any CPU
		{416943D7-7283-47C5-843B-BA0684B24705}.Release|x86.ActiveCfg = Release|Any CPU
		{416943D7-7283-47C5-843B-BA0684B24705}.Release|x86.Build.0 = Release|Any CPU
		{146D2158-B0EF-4EE7-BA78-833E4292890F}.Debug|Any CPU.ActiveCfg = Debug|Any CPU
		{146D2158-B0EF-4EE7-BA78-833E4292890F}.Debug|Any CPU.Build.0 = Debug|Any CPU
		{146D2158-B0EF-4EE7-BA78-833E4292890F}.Debug|x64.ActiveCfg = Debug|Any CPU
		{146D2158-B0EF-4EE7-BA78-833E4292890F}.Debug|x64.Build.0 = Debug|Any CPU
		{146D2158-B0EF-4EE7-BA78-833E4292890F}.Debug|x86.ActiveCfg = Debug|Any CPU
		{146D2158-B0EF-4EE7-BA78-833E4292890F}.Debug|x86.Build.0 = Debug|Any CPU
		{146D2158-B0EF-4EE7-BA78-833E4292890F}.Release|Any CPU.ActiveCfg = Release|Any CPU
		{146D2158-B0EF-4EE7-BA78-833E4292890F}.Release|Any CPU.Build.0 = Release|Any CPU
		{146D2158-B0EF-4EE7-BA78-833E4292890F}.Release|x64.ActiveCfg = Release|Any CPU
		{146D2158-B0EF-4EE7-BA78-833E4292890F}.Release|x64.Build.0 = Release|Any CPU
		{146D2158-B0EF-4EE7-BA78-833E4292890F}.Release|x86.ActiveCfg = Release|Any CPU
		{146D2158-B0EF-4EE7-BA78-833E4292890F}.Release|x86.Build.0 = Release|Any CPU
		{5C48D94C-0A07-434C-82AA-3433975CE759}.Debug|Any CPU.ActiveCfg = Debug|Any CPU
		{5C48D94C-0A07-434C-82AA-3433975CE759}.Debug|Any CPU.Build.0 = Debug|Any CPU
		{5C48D94C-0A07-434C-82AA-3433975CE759}.Debug|x64.ActiveCfg = Debug|Any CPU
		{5C48D94C-0A07-434C-82AA-3433975CE759}.Debug|x64.Build.0 = Debug|Any CPU
		{5C48D94C-0A07-434C-82AA-3433975CE759}.Debug|x86.ActiveCfg = Debug|Any CPU
		{5C48D94C-0A07-434C-82AA-3433975CE759}.Debug|x86.Build.0 = Debug|Any CPU
		{5C48D94C-0A07-434C-82AA-3433975CE759}.Release|Any CPU.ActiveCfg = Release|Any CPU
		{5C48D94C-0A07-434C-82AA-3433975CE759}.Release|Any CPU.Build.0 = Release|Any CPU
		{5C48D94C-0A07-434C-82AA-3433975CE759}.Release|x64.ActiveCfg = Release|Any CPU
		{5C48D94C-0A07-434C-82AA-3433975CE759}.Release|x64.Build.0 = Release|Any CPU
		{5C48D94C-0A07-434C-82AA-3433975CE759}.Release|x86.ActiveCfg = Release|Any CPU
		{5C48D94C-0A07-434C-82AA-3433975CE759}.Release|x86.Build.0 = Release|Any CPU
		{6C998664-08F0-46A6-BF8D-819A2E655B99}.Debug|Any CPU.ActiveCfg = Debug|Any CPU
		{6C998664-08F0-46A6-BF8D-819A2E655B99}.Debug|Any CPU.Build.0 = Debug|Any CPU
		{6C998664-08F0-46A6-BF8D-819A2E655B99}.Debug|x64.ActiveCfg = Debug|Any CPU
		{6C998664-08F0-46A6-BF8D-819A2E655B99}.Debug|x64.Build.0 = Debug|Any CPU
		{6C998664-08F0-46A6-BF8D-819A2E655B99}.Debug|x86.ActiveCfg = Debug|Any CPU
		{6C998664-08F0-46A6-BF8D-819A2E655B99}.Debug|x86.Build.0 = Debug|Any CPU
		{6C998664-08F0-46A6-BF8D-819A2E655B99}.Release|Any CPU.ActiveCfg = Release|Any CPU
		{6C998664-08F0-46A6-BF8D-819A2E655B99}.Release|Any CPU.Build.0 = Release|Any CPU
		{6C998664-08F0-46A6-BF8D-819A2E655B99}.Release|x64.ActiveCfg = Release|Any CPU
		{6C998664-08F0-46A6-BF8D-819A2E655B99}.Release|x64.Build.0 = Release|Any CPU
		{6C998664-08F0-46A6-BF8D-819A2E655B99}.Release|x86.ActiveCfg = Release|Any CPU
		{6C998664-08F0-46A6-BF8D-819A2E655B99}.Release|x86.Build.0 = Release|Any CPU
	EndGlobalSection
	GlobalSection(SolutionProperties) = preSolution
		HideSolutionNode = FALSE
	EndGlobalSection
	GlobalSection(NestedProjects) = preSolution
		{45FE08CA-BB25-4751-8272-EFFEEDF1EE6A} = {F902A587-D48D-47DE-8C1D-82CC7AA92465}
		{416943D7-7283-47C5-843B-BA0684B24705} = {F902A587-D48D-47DE-8C1D-82CC7AA92465}
		{146D2158-B0EF-4EE7-BA78-833E4292890F} = {F902A587-D48D-47DE-8C1D-82CC7AA92465}
		{5C48D94C-0A07-434C-82AA-3433975CE759} = {F902A587-D48D-47DE-8C1D-82CC7AA92465}
		{6C998664-08F0-46A6-BF8D-819A2E655B99} = {F902A587-D48D-47DE-8C1D-82CC7AA92465}
	EndGlobalSection
	GlobalSection(ExtensibilityGlobals) = postSolution
		SolutionGuid = {99DF02E1-A034-4D57-9779-7C4C4B287441}
	EndGlobalSection
EndGlobal
